
Microsoft Visual Studio Solution File, Format Version 12.00
Project("{FAE04EC0-301F-11D3-BF4B-00C04F79EFBC}") = "CirclesLand.BlockchainIndexer", "CirclesLand.BlockchainIndexer\CirclesLand.BlockchainIndexer.csproj", "{B88B5342-7C74-4CE4-A5A1-4DFF3DE8E27F}"
EndProject
Global
	GlobalSection(SolutionConfigurationPlatforms) = preSolution
		Debug|Any CPU = Debug|Any CPU
		Release|Any CPU = Release|Any CPU
	EndGlobalSection
	GlobalSection(ProjectConfigurationPlatforms) = postSolution
		{B88B5342-7C74-4CE4-A5A1-4DFF3DE8E27F}.Debug|Any CPU.ActiveCfg = Debug|Any CPU
		{B88B5342-7C74-4CE4-A5A1-4DFF3DE8E27F}.Debug|Any CPU.Build.0 = Debug|Any CPU
		{B88B5342-7C74-4CE4-A5A1-4DFF3DE8E27F}.Release|Any CPU.ActiveCfg = Release|Any CPU
		{B88B5342-7C74-4CE4-A5A1-4DFF3DE8E27F}.Release|Any CPU.Build.0 = Release|Any CPU
	EndGlobalSection
EndGlobal
