
Microsoft Visual Studio Solution File, Format Version 12.00
Project("{FAE04EC0-301F-11D3-BF4B-00C04F79EFBC}") = "CirclesLand.BlockchainIndexer", "CirclesLand.BlockchainIndexer\CirclesLand.BlockchainIndexer.csproj", "{B88B5342-7C74-4CE4-A5A1-4DFF3DE8E27F}"
EndProject
Project("{FAE04EC0-301F-11D3-BF4B-00C04F79EFBC}") = "CirclesLand.BlockchainIndexer.Tests", "CirclesLand.BlockchainIndexer.Tests\CirclesLand.BlockchainIndexer.Tests.csproj", "{887E8611-0D84-4C0C-A74B-828656BC72E2}"
EndProject
Project("{FAE04EC0-301F-11D3-BF4B-00C04F79EFBC}") = "CirclesLand.BlockchainIndexer.Api", "CirclesLand.BlockchainIndexer.Api\CirclesLand.BlockchainIndexer.Api.csproj", "{5481AF22-8920-4881-98A3-E09ABF5C69FE}"
EndProject
Project("{FAE04EC0-301F-11D3-BF4B-00C04F79EFBC}") = "CirclesLand.BlockchainIndexer.Util", "CirclesLand.BlockchainIndexer.Util\CirclesLand.BlockchainIndexer.Util.csproj", "{DDCAF9B8-9362-4F98-B477-E5908D9D9EA3}"
EndProject
Project("{2150E333-8FDC-42A3-9474-1A3956D46DE8}") = "github", "github", "{0645A12A-D7A2-4250-90DC-26E32324F003}"
ProjectSection(SolutionItems) = preProject
	.github\workflows\dev.yml = .github\workflows\dev.yml
	.github\workflows\codeql-analysis.yml = .github\workflows\codeql-analysis.yml
	.github\workflows\build-and-push.yml = .github\workflows\build-and-push.yml
EndProjectSection
EndProject
Project("{2150E333-8FDC-42A3-9474-1A3956D46DE8}") = "docker", "docker", "{A0D371AD-3B92-4051-BB72-3329A5AFAE34}"
	ProjectSection(SolutionItems) = preProject
		Dockerfile = Dockerfile
		package.json = package.json
	EndProjectSection
EndProject
Project("{FAE04EC0-301F-11D3-BF4B-00C04F79EFBC}") = "CirclesLand.BlockchainIndexer.Server", "CirclesLand.BlockchainIndexer.Server\CirclesLand.BlockchainIndexer.Server.csproj", "{173899C9-4AF4-4C13-AAAA-E0650B186D6F}"
EndProject
Project("{FAE04EC0-301F-11D3-BF4B-00C04F79EFBC}") = "CirclesLand.BlockchainIndexer.FixDb", "CirclesLand.BlockchainIndexer.FixDb\CirclesLand.BlockchainIndexer.FixDb.csproj", "{F876198B-8DD9-4F16-8CEC-69E53194937E}"
EndProject
Project("{FAE04EC0-301F-11D3-BF4B-00C04F79EFBC}") = "CirclesLand.BlockchainIndexer.NethermindPlugin", "CirclesLand.BlockchainIndexer.NethermindPlugin\CirclesLand.BlockchainIndexer.NethermindPlugin.csproj", "{CC17033F-EB60-42E7-92FB-72767F6BBD82}"
EndProject
Global
	GlobalSection(SolutionConfigurationPlatforms) = preSolution
		Debug|Any CPU = Debug|Any CPU
		Release|Any CPU = Release|Any CPU
	EndGlobalSection
	GlobalSection(ProjectConfigurationPlatforms) = postSolution
		{B88B5342-7C74-4CE4-A5A1-4DFF3DE8E27F}.Debug|Any CPU.ActiveCfg = Debug|Any CPU
		{B88B5342-7C74-4CE4-A5A1-4DFF3DE8E27F}.Debug|Any CPU.Build.0 = Debug|Any CPU
		{B88B5342-7C74-4CE4-A5A1-4DFF3DE8E27F}.Release|Any CPU.ActiveCfg = Release|Any CPU
		{B88B5342-7C74-4CE4-A5A1-4DFF3DE8E27F}.Release|Any CPU.Build.0 = Release|Any CPU
		{887E8611-0D84-4C0C-A74B-828656BC72E2}.Debug|Any CPU.ActiveCfg = Debug|Any CPU
		{887E8611-0D84-4C0C-A74B-828656BC72E2}.Debug|Any CPU.Build.0 = Debug|Any CPU
		{887E8611-0D84-4C0C-A74B-828656BC72E2}.Release|Any CPU.ActiveCfg = Release|Any CPU
		{887E8611-0D84-4C0C-A74B-828656BC72E2}.Release|Any CPU.Build.0 = Release|Any CPU
		{5481AF22-8920-4881-98A3-E09ABF5C69FE}.Debug|Any CPU.ActiveCfg = Debug|Any CPU
		{5481AF22-8920-4881-98A3-E09ABF5C69FE}.Debug|Any CPU.Build.0 = Debug|Any CPU
		{5481AF22-8920-4881-98A3-E09ABF5C69FE}.Release|Any CPU.ActiveCfg = Release|Any CPU
		{5481AF22-8920-4881-98A3-E09ABF5C69FE}.Release|Any CPU.Build.0 = Release|Any CPU
		{DDCAF9B8-9362-4F98-B477-E5908D9D9EA3}.Debug|Any CPU.ActiveCfg = Debug|Any CPU
		{DDCAF9B8-9362-4F98-B477-E5908D9D9EA3}.Debug|Any CPU.Build.0 = Debug|Any CPU
		{DDCAF9B8-9362-4F98-B477-E5908D9D9EA3}.Release|Any CPU.ActiveCfg = Release|Any CPU
		{DDCAF9B8-9362-4F98-B477-E5908D9D9EA3}.Release|Any CPU.Build.0 = Release|Any CPU
		{173899C9-4AF4-4C13-AAAA-E0650B186D6F}.Debug|Any CPU.ActiveCfg = Debug|Any CPU
		{173899C9-4AF4-4C13-AAAA-E0650B186D6F}.Debug|Any CPU.Build.0 = Debug|Any CPU
		{173899C9-4AF4-4C13-AAAA-E0650B186D6F}.Release|Any CPU.ActiveCfg = Release|Any CPU
		{173899C9-4AF4-4C13-AAAA-E0650B186D6F}.Release|Any CPU.Build.0 = Release|Any CPU
		{F876198B-8DD9-4F16-8CEC-69E53194937E}.Debug|Any CPU.ActiveCfg = Debug|Any CPU
		{F876198B-8DD9-4F16-8CEC-69E53194937E}.Debug|Any CPU.Build.0 = Debug|Any CPU
		{F876198B-8DD9-4F16-8CEC-69E53194937E}.Release|Any CPU.ActiveCfg = Release|Any CPU
		{F876198B-8DD9-4F16-8CEC-69E53194937E}.Release|Any CPU.Build.0 = Release|Any CPU
		{CC17033F-EB60-42E7-92FB-72767F6BBD82}.Debug|Any CPU.ActiveCfg = Debug|Any CPU
		{CC17033F-EB60-42E7-92FB-72767F6BBD82}.Debug|Any CPU.Build.0 = Debug|Any CPU
		{CC17033F-EB60-42E7-92FB-72767F6BBD82}.Release|Any CPU.ActiveCfg = Release|Any CPU
		{CC17033F-EB60-42E7-92FB-72767F6BBD82}.Release|Any CPU.Build.0 = Release|Any CPU
	EndGlobalSection
EndGlobal
